<?xml version="1.0" encoding="utf-8"?>
<Project ToolsVersion="4.0" xmlns="http://schemas.microsoft.com/developer/msbuild/2003">
  <ItemGroup>
    <Filter Include="Source Files">
      <UniqueIdentifier>{4FC737F1-C7A5-4376-A066-2A32D752A2FF}</UniqueIdentifier>
      <Extensions>cpp;c;cc;cxx;def;odl;idl;hpj;bat;asm;asmx</Extensions>
    </Filter>
    <Filter Include="Header Files">
      <UniqueIdentifier>{93995380-89BD-4b04-88EB-625FBE52EBFB}</UniqueIdentifier>
      <Extensions>h;hh;hpp;hxx;hm;inl;inc;ipp;xsd</Extensions>
    </Filter>
    <Filter Include="Resource Files">
      <UniqueIdentifier>{67DA6AB6-F800-4c08-8B7A-83BB121AAD01}</UniqueIdentifier>
      <Extensions>rc;ico;cur;bmp;dlg;rc2;rct;bin;rgs;gif;jpg;jpeg;jpe;resx;tiff;tif;png;wav;mfcribbon-ms</Extensions>
    </Filter>
    <Filter Include="Header Files\CodeForces">
      <UniqueIdentifier>{23b4955b-5c4f-44be-b876-2c75c6e564e2}</UniqueIdentifier>
    </Filter>
    <Filter Include="Header Files\IMSK">
      <UniqueIdentifier>{9b0a198b-5e1f-4e6b-ad53-643b5bedb8b9}</UniqueIdentifier>
    </Filter>
    <Filter Include="Header Files\acmp.ru">
      <UniqueIdentifier>{d7b7a21d-9577-4297-99d8-a6cd3224974b}</UniqueIdentifier>
    </Filter>
  </ItemGroup>
  <ItemGroup>
    <ClCompile Include="Practicing.cpp">
      <Filter>Source Files</Filter>
    </ClCompile>
  </ItemGroup>
  <ItemGroup>
    <ClInclude Include="LeetCodeEasy.h">
      <Filter>Header Files</Filter>
    </ClInclude>
    <ClInclude Include="StdHeaders.h">
      <Filter>Header Files</Filter>
    </ClInclude>
    <ClInclude Include="Syntax.h">
      <Filter>Header Files</Filter>
    </ClInclude>
    <ClInclude Include="CodeWariors.h">
      <Filter>Header Files</Filter>
    </ClInclude>
    <ClInclude Include="KefaAndCompany.h">
      <Filter>Header Files\CodeForces</Filter>
    </ClInclude>
    <ClInclude Include="ReadingBooks.h">
      <Filter>Header Files\CodeForces</Filter>
    </ClInclude>
    <ClInclude Include="EditTheWord.h">
      <Filter>Header Files\CodeForces</Filter>
    </ClInclude>
    <ClInclude Include="VeryEasyTask.h">
      <Filter>Header Files\IMSK</Filter>
    </ClInclude>
    <ClInclude Include="NovelInVolumes.h">
      <Filter>Header Files\acmp.ru</Filter>
    </ClInclude>
    <ClInclude Include="EnergeticSubstrings.h">
      <Filter>Header Files\CodeForces</Filter>
    </ClInclude>
    <ClInclude Include="LeetCodeMedium.h">
      <Filter>Header Files</Filter>
    </ClInclude>
  </ItemGroup>
</Project>